// !$*UTF8*$!
{
	archiveVersion = 1;
	classes = {
	};
	objectVersion = 50;
	objects = {

/* Begin PBXBuildFile section */
		9DAB781E237118E500D5F421 /* AppDelegate.swift in Sources */ = {isa = PBXBuildFile; fileRef = 9DAB781D237118E500D5F421 /* AppDelegate.swift */; };
		9DAB7820237118E500D5F421 /* SceneDelegate.swift in Sources */ = {isa = PBXBuildFile; fileRef = 9DAB781F237118E500D5F421 /* SceneDelegate.swift */; };
		9DAB7822237118E500D5F421 /* ViewController.swift in Sources */ = {isa = PBXBuildFile; fileRef = 9DAB7821237118E500D5F421 /* ViewController.swift */; };
		9DAB7825237118E500D5F421 /* Main.storyboard in Resources */ = {isa = PBXBuildFile; fileRef = 9DAB7823237118E500D5F421 /* Main.storyboard */; };
		9DAB7827237118E600D5F421 /* Assets.xcassets in Resources */ = {isa = PBXBuildFile; fileRef = 9DAB7826237118E600D5F421 /* Assets.xcassets */; };
		9DAB782A237118E600D5F421 /* LaunchScreen.storyboard in Resources */ = {isa = PBXBuildFile; fileRef = 9DAB7828237118E600D5F421 /* LaunchScreen.storyboard */; };
		9DAB7835237118E600D5F421 /* SYGalleryPickerTests.swift in Sources */ = {isa = PBXBuildFile; fileRef = 9DAB7834237118E600D5F421 /* SYGalleryPickerTests.swift */; };
		9DAB78492371192500D5F421 /* ExtensionUIColor.swift in Sources */ = {isa = PBXBuildFile; fileRef = 9DAB78412371192500D5F421 /* ExtensionUIColor.swift */; };
		9DAB784A2371192500D5F421 /* SYGalleryPickerViewController.swift in Sources */ = {isa = PBXBuildFile; fileRef = 9DAB78432371192500D5F421 /* SYGalleryPickerViewController.swift */; };
		9DAB784B2371192500D5F421 /* GalleryModel.swift in Sources */ = {isa = PBXBuildFile; fileRef = 9DAB78452371192500D5F421 /* GalleryModel.swift */; };
		9DAB784D2371192500D5F421 /* Settings.swift in Sources */ = {isa = PBXBuildFile; fileRef = 9DAB78472371192500D5F421 /* Settings.swift */; };
		9DAB784F23715BCA00D5F421 /* UIViewController+SYGalleryPicker.swift in Sources */ = {isa = PBXBuildFile; fileRef = 9DAB784E23715BCA00D5F421 /* UIViewController+SYGalleryPicker.swift */; };
		9DAB78512372571A00D5F421 /* PhotoCell.swift in Sources */ = {isa = PBXBuildFile; fileRef = 9DAB78502372571A00D5F421 /* PhotoCell.swift */; };
		9DAB78532372710000D5F421 /* PhotosViewController.swift in Sources */ = {isa = PBXBuildFile; fileRef = 9DAB78522372710000D5F421 /* PhotosViewController.swift */; };
/* End PBXBuildFile section */

/* Begin PBXContainerItemProxy section */
		9DAB7831237118E600D5F421 /* PBXContainerItemProxy */ = {
			isa = PBXContainerItemProxy;
			containerPortal = 9DAB7812237118E500D5F421 /* Project object */;
			proxyType = 1;
			remoteGlobalIDString = 9DAB7819237118E500D5F421;
			remoteInfo = SYGalleryPicker;
		};
/* End PBXContainerItemProxy section */

/* Begin PBXFileReference section */
		9DAB781A237118E500D5F421 /* SYGalleryPicker.app */ = {isa = PBXFileReference; explicitFileType = wrapper.application; includeInIndex = 0; path = SYGalleryPicker.app; sourceTree = BUILT_PRODUCTS_DIR; };
		9DAB781D237118E500D5F421 /* AppDelegate.swift */ = {isa = PBXFileReference; lastKnownFileType = sourcecode.swift; path = AppDelegate.swift; sourceTree = "<group>"; };
		9DAB781F237118E500D5F421 /* SceneDelegate.swift */ = {isa = PBXFileReference; lastKnownFileType = sourcecode.swift; path = SceneDelegate.swift; sourceTree = "<group>"; };
		9DAB7821237118E500D5F421 /* ViewController.swift */ = {isa = PBXFileReference; lastKnownFileType = sourcecode.swift; path = ViewController.swift; sourceTree = "<group>"; };
		9DAB7824237118E500D5F421 /* Base */ = {isa = PBXFileReference; lastKnownFileType = file.storyboard; name = Base; path = Base.lproj/Main.storyboard; sourceTree = "<group>"; };
		9DAB7826237118E600D5F421 /* Assets.xcassets */ = {isa = PBXFileReference; lastKnownFileType = folder.assetcatalog; path = Assets.xcassets; sourceTree = "<group>"; };
		9DAB7829237118E600D5F421 /* Base */ = {isa = PBXFileReference; lastKnownFileType = file.storyboard; name = Base; path = Base.lproj/LaunchScreen.storyboard; sourceTree = "<group>"; };
		9DAB782B237118E600D5F421 /* Info.plist */ = {isa = PBXFileReference; lastKnownFileType = text.plist.xml; path = Info.plist; sourceTree = "<group>"; };
		9DAB7830237118E600D5F421 /* SYGalleryPickerTests.xctest */ = {isa = PBXFileReference; explicitFileType = wrapper.cfbundle; includeInIndex = 0; path = SYGalleryPickerTests.xctest; sourceTree = BUILT_PRODUCTS_DIR; };
		9DAB7834237118E600D5F421 /* SYGalleryPickerTests.swift */ = {isa = PBXFileReference; lastKnownFileType = sourcecode.swift; path = SYGalleryPickerTests.swift; sourceTree = "<group>"; };
		9DAB7836237118E600D5F421 /* Info.plist */ = {isa = PBXFileReference; lastKnownFileType = text.plist.xml; path = Info.plist; sourceTree = "<group>"; };
		9DAB78412371192500D5F421 /* ExtensionUIColor.swift */ = {isa = PBXFileReference; fileEncoding = 4; lastKnownFileType = sourcecode.swift; path = ExtensionUIColor.swift; sourceTree = "<group>"; };
		9DAB78432371192500D5F421 /* SYGalleryPickerViewController.swift */ = {isa = PBXFileReference; fileEncoding = 4; lastKnownFileType = sourcecode.swift; path = SYGalleryPickerViewController.swift; sourceTree = "<group>"; };
		9DAB78452371192500D5F421 /* GalleryModel.swift */ = {isa = PBXFileReference; fileEncoding = 4; lastKnownFileType = sourcecode.swift; path = GalleryModel.swift; sourceTree = "<group>"; };
		9DAB78472371192500D5F421 /* Settings.swift */ = {isa = PBXFileReference; fileEncoding = 4; lastKnownFileType = sourcecode.swift; path = Settings.swift; sourceTree = "<group>"; };
		9DAB784E23715BCA00D5F421 /* UIViewController+SYGalleryPicker.swift */ = {isa = PBXFileReference; lastKnownFileType = sourcecode.swift; path = "UIViewController+SYGalleryPicker.swift"; sourceTree = "<group>"; };
		9DAB78502372571A00D5F421 /* PhotoCell.swift */ = {isa = PBXFileReference; lastKnownFileType = sourcecode.swift; path = PhotoCell.swift; sourceTree = "<group>"; };
		9DAB78522372710000D5F421 /* PhotosViewController.swift */ = {isa = PBXFileReference; lastKnownFileType = sourcecode.swift; path = PhotosViewController.swift; sourceTree = "<group>"; };
/* End PBXFileReference section */

/* Begin PBXFrameworksBuildPhase section */
		9DAB7817237118E500D5F421 /* Frameworks */ = {
			isa = PBXFrameworksBuildPhase;
			buildActionMask = 2147483647;
			files = (
			);
			runOnlyForDeploymentPostprocessing = 0;
		};
		9DAB782D237118E600D5F421 /* Frameworks */ = {
			isa = PBXFrameworksBuildPhase;
			buildActionMask = 2147483647;
			files = (
			);
			runOnlyForDeploymentPostprocessing = 0;
		};
/* End PBXFrameworksBuildPhase section */

/* Begin PBXGroup section */
		9DAB7811237118E500D5F421 = {
			isa = PBXGroup;
			children = (
				9DAB781C237118E500D5F421 /* SYGalleryPicker */,
				9DAB7833237118E600D5F421 /* SYGalleryPickerTests */,
				9DAB781B237118E500D5F421 /* Products */,
			);
			sourceTree = "<group>";
		};
		9DAB781B237118E500D5F421 /* Products */ = {
			isa = PBXGroup;
			children = (
				9DAB781A237118E500D5F421 /* SYGalleryPicker.app */,
				9DAB7830237118E600D5F421 /* SYGalleryPickerTests.xctest */,
			);
			name = Products;
			sourceTree = "<group>";
		};
		9DAB781C237118E500D5F421 /* SYGalleryPicker */ = {
			isa = PBXGroup;
			children = (
				9DAB78422371192500D5F421 /* SYGalleryPicker */,
				9DAB781D237118E500D5F421 /* AppDelegate.swift */,
				9DAB781F237118E500D5F421 /* SceneDelegate.swift */,
				9DAB7821237118E500D5F421 /* ViewController.swift */,
				9DAB7823237118E500D5F421 /* Main.storyboard */,
				9DAB7826237118E600D5F421 /* Assets.xcassets */,
				9DAB7828237118E600D5F421 /* LaunchScreen.storyboard */,
				9DAB782B237118E600D5F421 /* Info.plist */,
			);
			path = SYGalleryPicker;
			sourceTree = "<group>";
		};
		9DAB7833237118E600D5F421 /* SYGalleryPickerTests */ = {
			isa = PBXGroup;
			children = (
				9DAB7834237118E600D5F421 /* SYGalleryPickerTests.swift */,
				9DAB7836237118E600D5F421 /* Info.plist */,
			);
			path = SYGalleryPickerTests;
			sourceTree = "<group>";
		};
		9DAB783F2371192500D5F421 /* Extension */ = {
			isa = PBXGroup;
			children = (
				9DAB78402371192500D5F421 /* UI */,
			);
			path = Extension;
			sourceTree = "<group>";
		};
		9DAB78402371192500D5F421 /* UI */ = {
			isa = PBXGroup;
			children = (
				9DAB784E23715BCA00D5F421 /* UIViewController+SYGalleryPicker.swift */,
				9DAB78412371192500D5F421 /* ExtensionUIColor.swift */,
			);
			path = UI;
			sourceTree = "<group>";
		};
		9DAB78422371192500D5F421 /* SYGalleryPicker */ = {
			isa = PBXGroup;
			children = (
				9DAB78432371192500D5F421 /* SYGalleryPickerViewController.swift */,
				9DAB78442371192500D5F421 /* Model */,
				9DAB78482371192500D5F421 /* View */,
				9DAB783F2371192500D5F421 /* Extension */,
			);
			path = SYGalleryPicker;
			sourceTree = "<group>";
		};
		9DAB78442371192500D5F421 /* Model */ = {
			isa = PBXGroup;
			children = (
				9DAB78452371192500D5F421 /* GalleryModel.swift */,
				9DAB78472371192500D5F421 /* Settings.swift */,
			);
			path = Model;
			sourceTree = "<group>";
		};
		9DAB78482371192500D5F421 /* View */ = {
			isa = PBXGroup;
			children = (
				9DAB78502372571A00D5F421 /* PhotoCell.swift */,
				9DAB78522372710000D5F421 /* PhotosViewController.swift */,
			);
			path = View;
			sourceTree = "<group>";
		};
/* End PBXGroup section */

/* Begin PBXNativeTarget section */
		9DAB7819237118E500D5F421 /* SYGalleryPicker */ = {
			isa = PBXNativeTarget;
			buildConfigurationList = 9DAB7839237118E600D5F421 /* Build configuration list for PBXNativeTarget "SYGalleryPicker" */;
			buildPhases = (
				9DAB7816237118E500D5F421 /* Sources */,
				9DAB7817237118E500D5F421 /* Frameworks */,
				9DAB7818237118E500D5F421 /* Resources */,
			);
			buildRules = (
			);
			dependencies = (
			);
			name = SYGalleryPicker;
			productName = SYGalleryPicker;
			productReference = 9DAB781A237118E500D5F421 /* SYGalleryPicker.app */;
			productType = "com.apple.product-type.application";
		};
		9DAB782F237118E600D5F421 /* SYGalleryPickerTests */ = {
			isa = PBXNativeTarget;
			buildConfigurationList = 9DAB783C237118E600D5F421 /* Build configuration list for PBXNativeTarget "SYGalleryPickerTests" */;
			buildPhases = (
				9DAB782C237118E600D5F421 /* Sources */,
				9DAB782D237118E600D5F421 /* Frameworks */,
				9DAB782E237118E600D5F421 /* Resources */,
			);
			buildRules = (
			);
			dependencies = (
				9DAB7832237118E600D5F421 /* PBXTargetDependency */,
			);
			name = SYGalleryPickerTests;
			productName = SYGalleryPickerTests;
			productReference = 9DAB7830237118E600D5F421 /* SYGalleryPickerTests.xctest */;
			productType = "com.apple.product-type.bundle.unit-test";
		};
/* End PBXNativeTarget section */

/* Begin PBXProject section */
		9DAB7812237118E500D5F421 /* Project object */ = {
			isa = PBXProject;
			attributes = {
				LastSwiftUpdateCheck = 1110;
				LastUpgradeCheck = 1110;
				ORGANIZATIONNAME = "Sinyi Realty Inc";
				TargetAttributes = {
					9DAB7819237118E500D5F421 = {
						CreatedOnToolsVersion = 11.1;
					};
					9DAB782F237118E600D5F421 = {
						CreatedOnToolsVersion = 11.1;
						TestTargetID = 9DAB7819237118E500D5F421;
					};
				};
			};
			buildConfigurationList = 9DAB7815237118E500D5F421 /* Build configuration list for PBXProject "SYGalleryPicker" */;
			compatibilityVersion = "Xcode 9.3";
			developmentRegion = en;
			hasScannedForEncodings = 0;
			knownRegions = (
				en,
				Base,
			);
			mainGroup = 9DAB7811237118E500D5F421;
			productRefGroup = 9DAB781B237118E500D5F421 /* Products */;
			projectDirPath = "";
			projectRoot = "";
			targets = (
				9DAB7819237118E500D5F421 /* SYGalleryPicker */,
				9DAB782F237118E600D5F421 /* SYGalleryPickerTests */,
			);
		};
/* End PBXProject section */

/* Begin PBXResourcesBuildPhase section */
		9DAB7818237118E500D5F421 /* Resources */ = {
			isa = PBXResourcesBuildPhase;
			buildActionMask = 2147483647;
			files = (
				9DAB782A237118E600D5F421 /* LaunchScreen.storyboard in Resources */,
				9DAB7827237118E600D5F421 /* Assets.xcassets in Resources */,
				9DAB7825237118E500D5F421 /* Main.storyboard in Resources */,
			);
			runOnlyForDeploymentPostprocessing = 0;
		};
		9DAB782E237118E600D5F421 /* Resources */ = {
			isa = PBXResourcesBuildPhase;
			buildActionMask = 2147483647;
			files = (
			);
			runOnlyForDeploymentPostprocessing = 0;
		};
/* End PBXResourcesBuildPhase section */

/* Begin PBXSourcesBuildPhase section */
		9DAB7816237118E500D5F421 /* Sources */ = {
			isa = PBXSourcesBuildPhase;
			buildActionMask = 2147483647;
			files = (
				9DAB7822237118E500D5F421 /* ViewController.swift in Sources */,
				9DAB78512372571A00D5F421 /* PhotoCell.swift in Sources */,
				9DAB784B2371192500D5F421 /* GalleryModel.swift in Sources */,
				9DAB784D2371192500D5F421 /* Settings.swift in Sources */,
				9DAB784A2371192500D5F421 /* SYGalleryPickerViewController.swift in Sources */,
				9DAB784F23715BCA00D5F421 /* UIViewController+SYGalleryPicker.swift in Sources */,
				9DAB78532372710000D5F421 /* PhotosViewController.swift in Sources */,
				9DAB781E237118E500D5F421 /* AppDelegate.swift in Sources */,
				9DAB7820237118E500D5F421 /* SceneDelegate.swift in Sources */,
				9DAB78492371192500D5F421 /* ExtensionUIColor.swift in Sources */,
			);
			runOnlyForDeploymentPostprocessing = 0;
		};
		9DAB782C237118E600D5F421 /* Sources */ = {
			isa = PBXSourcesBuildPhase;
			buildActionMask = 2147483647;
			files = (
				9DAB7835237118E600D5F421 /* SYGalleryPickerTests.swift in Sources */,
			);
			runOnlyForDeploymentPostprocessing = 0;
		};
/* End PBXSourcesBuildPhase section */

/* Begin PBXTargetDependency section */
		9DAB7832237118E600D5F421 /* PBXTargetDependency */ = {
			isa = PBXTargetDependency;
			target = 9DAB7819237118E500D5F421 /* SYGalleryPicker */;
			targetProxy = 9DAB7831237118E600D5F421 /* PBXContainerItemProxy */;
		};
/* End PBXTargetDependency section */

/* Begin PBXVariantGroup section */
		9DAB7823237118E500D5F421 /* Main.storyboard */ = {
			isa = PBXVariantGroup;
			children = (
				9DAB7824237118E500D5F421 /* Base */,
			);
			name = Main.storyboard;
			sourceTree = "<group>";
		};
		9DAB7828237118E600D5F421 /* LaunchScreen.storyboard */ = {
			isa = PBXVariantGroup;
			children = (
				9DAB7829237118E600D5F421 /* Base */,
			);
			name = LaunchScreen.storyboard;
			sourceTree = "<group>";
		};
/* End PBXVariantGroup section */

/* Begin XCBuildConfiguration section */
		9DAB7837237118E600D5F421 /* Debug */ = {
			isa = XCBuildConfiguration;
			buildSettings = {
				ALWAYS_SEARCH_USER_PATHS = NO;
				CLANG_ANALYZER_NONNULL = YES;
				CLANG_ANALYZER_NUMBER_OBJECT_CONVERSION = YES_AGGRESSIVE;
				CLANG_CXX_LANGUAGE_STANDARD = "gnu++14";
				CLANG_CXX_LIBRARY = "libc++";
				CLANG_ENABLE_MODULES = YES;
				CLANG_ENABLE_OBJC_ARC = YES;
				CLANG_ENABLE_OBJC_WEAK = YES;
				CLANG_WARN_BLOCK_CAPTURE_AUTORELEASING = YES;
				CLANG_WARN_BOOL_CONVERSION = YES;
				CLANG_WARN_COMMA = YES;
				CLANG_WARN_CONSTANT_CONVERSION = YES;
				CLANG_WARN_DEPRECATED_OBJC_IMPLEMENTATIONS = YES;
				CLANG_WARN_DIRECT_OBJC_ISA_USAGE = YES_ERROR;
				CLANG_WARN_DOCUMENTATION_COMMENTS = YES;
				CLANG_WARN_EMPTY_BODY = YES;
				CLANG_WARN_ENUM_CONVERSION = YES;
				CLANG_WARN_INFINITE_RECURSION = YES;
				CLANG_WARN_INT_CONVERSION = YES;
				CLANG_WARN_NON_LITERAL_NULL_CONVERSION = YES;
				CLANG_WARN_OBJC_IMPLICIT_RETAIN_SELF = YES;
				CLANG_WARN_OBJC_LITERAL_CONVERSION = YES;
				CLANG_WARN_OBJC_ROOT_CLASS = YES_ERROR;
				CLANG_WARN_RANGE_LOOP_ANALYSIS = YES;
				CLANG_WARN_STRICT_PROTOTYPES = YES;
				CLANG_WARN_SUSPICIOUS_MOVE = YES;
				CLANG_WARN_UNGUARDED_AVAILABILITY = YES_AGGRESSIVE;
				CLANG_WARN_UNREACHABLE_CODE = YES;
				CLANG_WARN__DUPLICATE_METHOD_MATCH = YES;
				COPY_PHASE_STRIP = NO;
				DEBUG_INFORMATION_FORMAT = dwarf;
				ENABLE_STRICT_OBJC_MSGSEND = YES;
				ENABLE_TESTABILITY = YES;
				GCC_C_LANGUAGE_STANDARD = gnu11;
				GCC_DYNAMIC_NO_PIC = NO;
				GCC_NO_COMMON_BLOCKS = YES;
				GCC_OPTIMIZATION_LEVEL = 0;
				GCC_PREPROCESSOR_DEFINITIONS = (
					"DEBUG=1",
					"$(inherited)",
				);
				GCC_WARN_64_TO_32_BIT_CONVERSION = YES;
				GCC_WARN_ABOUT_RETURN_TYPE = YES_ERROR;
				GCC_WARN_UNDECLARED_SELECTOR = YES;
				GCC_WARN_UNINITIALIZED_AUTOS = YES_AGGRESSIVE;
				GCC_WARN_UNUSED_FUNCTION = YES;
				GCC_WARN_UNUSED_VARIABLE = YES;
				IPHONEOS_DEPLOYMENT_TARGET = 10.0;
				MTL_ENABLE_DEBUG_INFO = INCLUDE_SOURCE;
				MTL_FAST_MATH = YES;
				ONLY_ACTIVE_ARCH = YES;
				SDKROOT = iphoneos;
				SWIFT_ACTIVE_COMPILATION_CONDITIONS = DEBUG;
				SWIFT_OPTIMIZATION_LEVEL = "-Onone";
			};
			name = Debug;
		};
		9DAB7838237118E600D5F421 /* Release */ = {
			isa = XCBuildConfiguration;
			buildSettings = {
				ALWAYS_SEARCH_USER_PATHS = NO;
				CLANG_ANALYZER_NONNULL = YES;
				CLANG_ANALYZER_NUMBER_OBJECT_CONVERSION = YES_AGGRESSIVE;
				CLANG_CXX_LANGUAGE_STANDARD = "gnu++14";
				CLANG_CXX_LIBRARY = "libc++";
				CLANG_ENABLE_MODULES = YES;
				CLANG_ENABLE_OBJC_ARC = YES;
				CLANG_ENABLE_OBJC_WEAK = YES;
				CLANG_WARN_BLOCK_CAPTURE_AUTORELEASING = YES;
				CLANG_WARN_BOOL_CONVERSION = YES;
				CLANG_WARN_COMMA = YES;
				CLANG_WARN_CONSTANT_CONVERSION = YES;
				CLANG_WARN_DEPRECATED_OBJC_IMPLEMENTATIONS = YES;
				CLANG_WARN_DIRECT_OBJC_ISA_USAGE = YES_ERROR;
				CLANG_WARN_DOCUMENTATION_COMMENTS = YES;
				CLANG_WARN_EMPTY_BODY = YES;
				CLANG_WARN_ENUM_CONVERSION = YES;
				CLANG_WARN_INFINITE_RECURSION = YES;
				CLANG_WARN_INT_CONVERSION = YES;
				CLANG_WARN_NON_LITERAL_NULL_CONVERSION = YES;
				CLANG_WARN_OBJC_IMPLICIT_RETAIN_SELF = YES;
				CLANG_WARN_OBJC_LITERAL_CONVERSION = YES;
				CLANG_WARN_OBJC_ROOT_CLASS = YES_ERROR;
				CLANG_WARN_RANGE_LOOP_ANALYSIS = YES;
				CLANG_WARN_STRICT_PROTOTYPES = YES;
				CLANG_WARN_SUSPICIOUS_MOVE = YES;
				CLANG_WARN_UNGUARDED_AVAILABILITY = YES_AGGRESSIVE;
				CLANG_WARN_UNREACHABLE_CODE = YES;
				CLANG_WARN__DUPLICATE_METHOD_MATCH = YES;
				COPY_PHASE_STRIP = NO;
				DEBUG_INFORMATION_FORMAT = "dwarf-with-dsym";
				ENABLE_NS_ASSERTIONS = NO;
				ENABLE_STRICT_OBJC_MSGSEND = YES;
				GCC_C_LANGUAGE_STANDARD = gnu11;
				GCC_NO_COMMON_BLOCKS = YES;
				GCC_WARN_64_TO_32_BIT_CONVERSION = YES;
				GCC_WARN_ABOUT_RETURN_TYPE = YES_ERROR;
				GCC_WARN_UNDECLARED_SELECTOR = YES;
				GCC_WARN_UNINITIALIZED_AUTOS = YES_AGGRESSIVE;
				GCC_WARN_UNUSED_FUNCTION = YES;
				GCC_WARN_UNUSED_VARIABLE = YES;
				IPHONEOS_DEPLOYMENT_TARGET = 10.0;
				MTL_ENABLE_DEBUG_INFO = NO;
				MTL_FAST_MATH = YES;
				SDKROOT = iphoneos;
				SWIFT_COMPILATION_MODE = wholemodule;
				SWIFT_OPTIMIZATION_LEVEL = "-O";
				VALIDATE_PRODUCT = YES;
			};
			name = Release;
		};
		9DAB783A237118E600D5F421 /* Debug */ = {
			isa = XCBuildConfiguration;
			buildSettings = {
				ASSETCATALOG_COMPILER_APPICON_NAME = AppIcon;
				CODE_SIGN_IDENTITY = "iPhone Developer";
				CODE_SIGN_STYLE = Manual;
				DEVELOPMENT_TEAM = 5MU3N7RFZ3;
				INFOPLIST_FILE = SYGalleryPicker/Info.plist;
				LD_RUNPATH_SEARCH_PATHS = (
					"$(inherited)",
					"@executable_path/Frameworks",
				);
				PRODUCT_BUNDLE_IDENTIFIER = com.sinyi.SYGalleryPicker;
				PRODUCT_NAME = "$(TARGET_NAME)";
				PROVISIONING_PROFILE_SPECIFIER = "999 Sinyi Wildcard";
				SWIFT_VERSION = 5.0;
				TARGETED_DEVICE_FAMILY = 1;
			};
			name = Debug;
		};
		9DAB783B237118E600D5F421 /* Release */ = {
			isa = XCBuildConfiguration;
			buildSettings = {
				ASSETCATALOG_COMPILER_APPICON_NAME = AppIcon;
				CODE_SIGN_IDENTITY = "iPhone Developer";
				CODE_SIGN_STYLE = Manual;
				DEVELOPMENT_TEAM = 5MU3N7RFZ3;
				INFOPLIST_FILE = SYGalleryPicker/Info.plist;
				LD_RUNPATH_SEARCH_PATHS = (
					"$(inherited)",
					"@executable_path/Frameworks",
				);
				PRODUCT_BUNDLE_IDENTIFIER = com.sinyi.SYGalleryPicker;
				PRODUCT_NAME = "$(TARGET_NAME)";
				PROVISIONING_PROFILE_SPECIFIER = "999 Sinyi Wildcard";
				SWIFT_VERSION = 5.0;
				TARGETED_DEVICE_FAMILY = 1;
			};
			name = Release;
		};
		9DAB783D237118E600D5F421 /* Debug */ = {
			isa = XCBuildConfiguration;
			buildSettings = {
				ALWAYS_EMBED_SWIFT_STANDARD_LIBRARIES = YES;
				BUNDLE_LOADER = "$(TEST_HOST)";
				CODE_SIGN_STYLE = Automatic;
				DEVELOPMENT_TEAM = 5MU3N7RFZ3;
				INFOPLIST_FILE = SYGalleryPickerTests/Info.plist;
				IPHONEOS_DEPLOYMENT_TARGET = 13.1;
				LD_RUNPATH_SEARCH_PATHS = (
					"$(inherited)",
					"@executable_path/Frameworks",
					"@loader_path/Frameworks",
				);
				PRODUCT_BUNDLE_IDENTIFIER = com.sinyi.SYGalleryPickerTests;
				PRODUCT_NAME = "$(TARGET_NAME)";
				SWIFT_VERSION = 5.0;
				TARGETED_DEVICE_FAMILY = "1,2";
				TEST_HOST = "$(BUILT_PRODUCTS_DIR)/SYGalleryPicker.app/SYGalleryPicker";
			};
			name = Debug;
		};
		9DAB783E237118E600D5F421 /* Release */ = {
			isa = XCBuildConfiguration;
			buildSettings = {
				ALWAYS_EMBED_SWIFT_STANDARD_LIBRARIES = YES;
				BUNDLE_LOADER = "$(TEST_HOST)";
				CODE_SIGN_STYLE = Automatic;
				DEVELOPMENT_TEAM = 5MU3N7RFZ3;
				INFOPLIST_FILE = SYGalleryPickerTests/Info.plist;
				IPHONEOS_DEPLOYMENT_TARGET = 13.1;
				LD_RUNPATH_SEARCH_PATHS = (
					"$(inherited)",
					"@executable_path/Frameworks",
					"@loader_path/Frameworks",
				);
				PRODUCT_BUNDLE_IDENTIFIER = com.sinyi.SYGalleryPickerTests;
				PRODUCT_NAME = "$(TARGET_NAME)";
				SWIFT_VERSION = 5.0;
				TARGETED_DEVICE_FAMILY = "1,2";
				TEST_HOST = "$(BUILT_PRODUCTS_DIR)/SYGalleryPicker.app/SYGalleryPicker";
			};
			name = Release;
		};
/* End XCBuildConfiguration section */

/* Begin XCConfigurationList section */
		9DAB7815237118E500D5F421 /* Build configuration list for PBXProject "SYGalleryPicker" */ = {
			isa = XCConfigurationList;
			buildConfigurations = (
				9DAB7837237118E600D5F421 /* Debug */,
				9DAB7838237118E600D5F421 /* Release */,
			);
			defaultConfigurationIsVisible = 0;
			defaultConfigurationName = Release;
		};
		9DAB7839237118E600D5F421 /* Build configuration list for PBXNativeTarget "SYGalleryPicker" */ = {
			isa = XCConfigurationList;
			buildConfigurations = (
				9DAB783A237118E600D5F421 /* Debug */,
				9DAB783B237118E600D5F421 /* Release */,
			);
			defaultConfigurationIsVisible = 0;
			defaultConfigurationName = Release;
		};
		9DAB783C237118E600D5F421 /* Build configuration list for PBXNativeTarget "SYGalleryPickerTests" */ = {
			isa = XCConfigurationList;
			buildConfigurations = (
				9DAB783D237118E600D5F421 /* Debug */,
				9DAB783E237118E600D5F421 /* Release */,
			);
			defaultConfigurationIsVisible = 0;
			defaultConfigurationName = Release;
		};
/* End XCConfigurationList section */
	};
	rootObject = 9DAB7812237118E500D5F421 /* Project object */;
}
